
Microsoft Visual Studio Solution File, Format Version 12.00
# Visual Studio Version 17
VisualStudioVersion = 17.5.33516.290
MinimumVisualStudioVersion = 10.0.40219.1
Project("{9A19103F-16F7-4668-BE54-9A1E7A4F7556}") = "TC3004B_M4_T01_E1", "TC3004B_M4_T01_E1\TC3004B_M4_T01_E1.csproj", "{75BC186C-9AF1-4314-AC83-B5AC2D26B495}"
EndProject
Global
	GlobalSection(SolutionConfigurationPlatforms) = preSolution
		Debug|Any CPU = Debug|Any CPU
		Release|Any CPU = Release|Any CPU
	EndGlobalSection
	GlobalSection(ProjectConfigurationPlatforms) = postSolution
		{75BC186C-9AF1-4314-AC83-B5AC2D26B495}.Debug|Any CPU.ActiveCfg = Debug|Any CPU
		{75BC186C-9AF1-4314-AC83-B5AC2D26B495}.Debug|Any CPU.Build.0 = Debug|Any CPU
		{75BC186C-9AF1-4314-AC83-B5AC2D26B495}.Release|Any CPU.ActiveCfg = Release|Any CPU
		{75BC186C-9AF1-4314-AC83-B5AC2D26B495}.Release|Any CPU.Build.0 = Release|Any CPU
	EndGlobalSection
	GlobalSection(SolutionProperties) = preSolution
		HideSolutionNode = FALSE
	EndGlobalSection
	GlobalSection(ExtensibilityGlobals) = postSolution
		SolutionGuid = {00F88612-57F0-4CE1-B662-6F6751D19E57}
	EndGlobalSection
EndGlobal
